
Microsoft Visual Studio Solution File, Format Version 11.00
# Visual Studio 2010
Project("{FAE04EC0-301F-11D3-BF4B-00C04F79EFBC}") = "SimpleIslands", "Assembly-CSharp.csproj", "{A22F01F8-9813-E41B-11C4-B358FBCB2111}"
EndProject
Global
	GlobalSection(SolutionConfigurationPlatforms) = preSolution
		Debug|Any CPU = Debug|Any CPU
		Release|Any CPU = Release|Any CPU
	EndGlobalSection
	GlobalSection(ProjectConfigurationPlatforms) = postSolution
		{A22F01F8-9813-E41B-11C4-B358FBCB2111}.Debug|Any CPU.ActiveCfg = Debug|Any CPU
		{A22F01F8-9813-E41B-11C4-B358FBCB2111}.Debug|Any CPU.Build.0 = Debug|Any CPU
		{A22F01F8-9813-E41B-11C4-B358FBCB2111}.Release|Any CPU.ActiveCfg = Release|Any CPU
		{A22F01F8-9813-E41B-11C4-B358FBCB2111}.Release|Any CPU.Build.0 = Release|Any CPU
	EndGlobalSection
	GlobalSection(SolutionProperties) = preSolution
		HideSolutionNode = FALSE
	EndGlobalSection
	GlobalSection(MonoDevelopProperties) = preSolution
		StartupItem = Assembly-CSharp.csproj
	EndGlobalSection
EndGlobal
